// !$*UTF8*$!
{
	archiveVersion = 1;
	classes = {
	};
	objectVersion = 50;
	objects = {

/* Begin PBXBuildFile section */
		84050FDF23A71EC9009A5A72 /* SortAlogrithm.swift in Sources */ = {isa = PBXBuildFile; fileRef = 84050FDE23A71EC9009A5A72 /* SortAlogrithm.swift */; };
		84050FE123A71F05009A5A72 /* SearchAlogrithm.swift in Sources */ = {isa = PBXBuildFile; fileRef = 84050FE023A71F05009A5A72 /* SearchAlogrithm.swift */; };
		841A9A7D237E58B100BEFB22 /* FYADTStructure.c in Sources */ = {isa = PBXBuildFile; fileRef = 841A9A7C237E58B100BEFB22 /* FYADTStructure.c */; };
		84C033572378FFCA004E400E /* AppDelegate.swift in Sources */ = {isa = PBXBuildFile; fileRef = 84C033562378FFCA004E400E /* AppDelegate.swift */; };
		84C033592378FFCA004E400E /* SceneDelegate.swift in Sources */ = {isa = PBXBuildFile; fileRef = 84C033582378FFCA004E400E /* SceneDelegate.swift */; };
		84C0335B2378FFCA004E400E /* ViewController.swift in Sources */ = {isa = PBXBuildFile; fileRef = 84C0335A2378FFCA004E400E /* ViewController.swift */; };
		84C0335E2378FFCA004E400E /* Main.storyboard in Resources */ = {isa = PBXBuildFile; fileRef = 84C0335C2378FFCA004E400E /* Main.storyboard */; };
		84C033602378FFCC004E400E /* Assets.xcassets in Resources */ = {isa = PBXBuildFile; fileRef = 84C0335F2378FFCC004E400E /* Assets.xcassets */; };
		84C033632378FFCC004E400E /* LaunchScreen.storyboard in Resources */ = {isa = PBXBuildFile; fileRef = 84C033612378FFCC004E400E /* LaunchScreen.storyboard */; };
		84C0336E2378FFCC004E400E /* FYDataStructureDemoTests.swift in Sources */ = {isa = PBXBuildFile; fileRef = 84C0336D2378FFCC004E400E /* FYDataStructureDemoTests.swift */; };
		84C033792378FFCC004E400E /* FYDataStructureDemoUITests.swift in Sources */ = {isa = PBXBuildFile; fileRef = 84C033782378FFCC004E400E /* FYDataStructureDemoUITests.swift */; };
		84C033872379009A004E400E /* FYDataStructure.swift in Sources */ = {isa = PBXBuildFile; fileRef = 84C033862379009A004E400E /* FYDataStructure.swift */; };
/* End PBXBuildFile section */

/* Begin PBXContainerItemProxy section */
		84C0336A2378FFCC004E400E /* PBXContainerItemProxy */ = {
			isa = PBXContainerItemProxy;
			containerPortal = 84C0334B2378FFCA004E400E /* Project object */;
			proxyType = 1;
			remoteGlobalIDString = 84C033522378FFCA004E400E;
			remoteInfo = FYDataStructureDemo;
		};
		84C033752378FFCC004E400E /* PBXContainerItemProxy */ = {
			isa = PBXContainerItemProxy;
			containerPortal = 84C0334B2378FFCA004E400E /* Project object */;
			proxyType = 1;
			remoteGlobalIDString = 84C033522378FFCA004E400E;
			remoteInfo = FYDataStructureDemo;
		};
/* End PBXContainerItemProxy section */

/* Begin PBXFileReference section */
		84050FDE23A71EC9009A5A72 /* SortAlogrithm.swift */ = {isa = PBXFileReference; lastKnownFileType = sourcecode.swift; path = SortAlogrithm.swift; sourceTree = "<group>"; };
		84050FE023A71F05009A5A72 /* SearchAlogrithm.swift */ = {isa = PBXFileReference; lastKnownFileType = sourcecode.swift; path = SearchAlogrithm.swift; sourceTree = "<group>"; };
		841A9A7A237E58B000BEFB22 /* FYDataStructureDemo-Bridging-Header.h */ = {isa = PBXFileReference; lastKnownFileType = sourcecode.c.h; path = "FYDataStructureDemo-Bridging-Header.h"; sourceTree = "<group>"; };
		841A9A7B237E58B100BEFB22 /* FYADTStructure.h */ = {isa = PBXFileReference; lastKnownFileType = sourcecode.c.h; path = FYADTStructure.h; sourceTree = "<group>"; };
		841A9A7C237E58B100BEFB22 /* FYADTStructure.c */ = {isa = PBXFileReference; lastKnownFileType = sourcecode.c.c; path = FYADTStructure.c; sourceTree = "<group>"; };
		84C033532378FFCA004E400E /* FYDataStructureDemo.app */ = {isa = PBXFileReference; explicitFileType = wrapper.application; includeInIndex = 0; path = FYDataStructureDemo.app; sourceTree = BUILT_PRODUCTS_DIR; };
		84C033562378FFCA004E400E /* AppDelegate.swift */ = {isa = PBXFileReference; lastKnownFileType = sourcecode.swift; path = AppDelegate.swift; sourceTree = "<group>"; };
		84C033582378FFCA004E400E /* SceneDelegate.swift */ = {isa = PBXFileReference; lastKnownFileType = sourcecode.swift; path = SceneDelegate.swift; sourceTree = "<group>"; };
		84C0335A2378FFCA004E400E /* ViewController.swift */ = {isa = PBXFileReference; lastKnownFileType = sourcecode.swift; path = ViewController.swift; sourceTree = "<group>"; };
		84C0335D2378FFCA004E400E /* Base */ = {isa = PBXFileReference; lastKnownFileType = file.storyboard; name = Base; path = Base.lproj/Main.storyboard; sourceTree = "<group>"; };
		84C0335F2378FFCC004E400E /* Assets.xcassets */ = {isa = PBXFileReference; lastKnownFileType = folder.assetcatalog; path = Assets.xcassets; sourceTree = "<group>"; };
		84C033622378FFCC004E400E /* Base */ = {isa = PBXFileReference; lastKnownFileType = file.storyboard; name = Base; path = Base.lproj/LaunchScreen.storyboard; sourceTree = "<group>"; };
		84C033642378FFCC004E400E /* Info.plist */ = {isa = PBXFileReference; lastKnownFileType = text.plist.xml; path = Info.plist; sourceTree = "<group>"; };
		84C033692378FFCC004E400E /* FYDataStructureDemoTests.xctest */ = {isa = PBXFileReference; explicitFileType = wrapper.cfbundle; includeInIndex = 0; path = FYDataStructureDemoTests.xctest; sourceTree = BUILT_PRODUCTS_DIR; };
		84C0336D2378FFCC004E400E /* FYDataStructureDemoTests.swift */ = {isa = PBXFileReference; lastKnownFileType = sourcecode.swift; path = FYDataStructureDemoTests.swift; sourceTree = "<group>"; };
		84C0336F2378FFCC004E400E /* Info.plist */ = {isa = PBXFileReference; lastKnownFileType = text.plist.xml; path = Info.plist; sourceTree = "<group>"; };
		84C033742378FFCC004E400E /* FYDataStructureDemoUITests.xctest */ = {isa = PBXFileReference; explicitFileType = wrapper.cfbundle; includeInIndex = 0; path = FYDataStructureDemoUITests.xctest; sourceTree = BUILT_PRODUCTS_DIR; };
		84C033782378FFCC004E400E /* FYDataStructureDemoUITests.swift */ = {isa = PBXFileReference; lastKnownFileType = sourcecode.swift; path = FYDataStructureDemoUITests.swift; sourceTree = "<group>"; };
		84C0337A2378FFCC004E400E /* Info.plist */ = {isa = PBXFileReference; lastKnownFileType = text.plist.xml; path = Info.plist; sourceTree = "<group>"; };
		84C033862379009A004E400E /* FYDataStructure.swift */ = {isa = PBXFileReference; lastKnownFileType = sourcecode.swift; path = FYDataStructure.swift; sourceTree = "<group>"; };
/* End PBXFileReference section */

/* Begin PBXFrameworksBuildPhase section */
		84C033502378FFCA004E400E /* Frameworks */ = {
			isa = PBXFrameworksBuildPhase;
			buildActionMask = 2147483647;
			files = (
			);
			runOnlyForDeploymentPostprocessing = 0;
		};
		84C033662378FFCC004E400E /* Frameworks */ = {
			isa = PBXFrameworksBuildPhase;
			buildActionMask = 2147483647;
			files = (
			);
			runOnlyForDeploymentPostprocessing = 0;
		};
		84C033712378FFCC004E400E /* Frameworks */ = {
			isa = PBXFrameworksBuildPhase;
			buildActionMask = 2147483647;
			files = (
			);
			runOnlyForDeploymentPostprocessing = 0;
		};
/* End PBXFrameworksBuildPhase section */

/* Begin PBXGroup section */
		84050FDC23A71E5E009A5A72 /* algorithm */ = {
			isa = PBXGroup;
			children = (
				84050FDE23A71EC9009A5A72 /* SortAlogrithm.swift */,
				84050FE023A71F05009A5A72 /* SearchAlogrithm.swift */,
			);
			path = algorithm;
			sourceTree = "<group>";
		};
		84050FDD23A71E99009A5A72 /* datastructure */ = {
			isa = PBXGroup;
			children = (
				841A9A7B237E58B100BEFB22 /* FYADTStructure.h */,
				841A9A7C237E58B100BEFB22 /* FYADTStructure.c */,
				84C033862379009A004E400E /* FYDataStructure.swift */,
			);
			path = datastructure;
			sourceTree = "<group>";
		};
		84C0334A2378FFCA004E400E = {
			isa = PBXGroup;
			children = (
				84C033552378FFCA004E400E /* FYDataStructureDemo */,
				84C0336C2378FFCC004E400E /* FYDataStructureDemoTests */,
				84C033772378FFCC004E400E /* FYDataStructureDemoUITests */,
				84C033542378FFCA004E400E /* Products */,
			);
			sourceTree = "<group>";
		};
		84C033542378FFCA004E400E /* Products */ = {
			isa = PBXGroup;
			children = (
				84C033532378FFCA004E400E /* FYDataStructureDemo.app */,
				84C033692378FFCC004E400E /* FYDataStructureDemoTests.xctest */,
				84C033742378FFCC004E400E /* FYDataStructureDemoUITests.xctest */,
			);
			name = Products;
			sourceTree = "<group>";
		};
		84C033552378FFCA004E400E /* FYDataStructureDemo */ = {
			isa = PBXGroup;
			children = (
				84C033562378FFCA004E400E /* AppDelegate.swift */,
				84C033582378FFCA004E400E /* SceneDelegate.swift */,
				84C0335A2378FFCA004E400E /* ViewController.swift */,
				84050FDD23A71E99009A5A72 /* datastructure */,
				84050FDC23A71E5E009A5A72 /* algorithm */,
				84C0335C2378FFCA004E400E /* Main.storyboard */,
				84C0335F2378FFCC004E400E /* Assets.xcassets */,
				84C033612378FFCC004E400E /* LaunchScreen.storyboard */,
				84C033642378FFCC004E400E /* Info.plist */,
				841A9A7A237E58B000BEFB22 /* FYDataStructureDemo-Bridging-Header.h */,
			);
			path = FYDataStructureDemo;
			sourceTree = "<group>";
		};
		84C0336C2378FFCC004E400E /* FYDataStructureDemoTests */ = {
			isa = PBXGroup;
			children = (
				84C0336D2378FFCC004E400E /* FYDataStructureDemoTests.swift */,
				84C0336F2378FFCC004E400E /* Info.plist */,
			);
			path = FYDataStructureDemoTests;
			sourceTree = "<group>";
		};
		84C033772378FFCC004E400E /* FYDataStructureDemoUITests */ = {
			isa = PBXGroup;
			children = (
				84C033782378FFCC004E400E /* FYDataStructureDemoUITests.swift */,
				84C0337A2378FFCC004E400E /* Info.plist */,
			);
			path = FYDataStructureDemoUITests;
			sourceTree = "<group>";
		};
/* End PBXGroup section */

/* Begin PBXNativeTarget section */
		84C033522378FFCA004E400E /* FYDataStructureDemo */ = {
			isa = PBXNativeTarget;
			buildConfigurationList = 84C0337D2378FFCC004E400E /* Build configuration list for PBXNativeTarget "FYDataStructureDemo" */;
			buildPhases = (
				84C0334F2378FFCA004E400E /* Sources */,
				84C033502378FFCA004E400E /* Frameworks */,
				84C033512378FFCA004E400E /* Resources */,
			);
			buildRules = (
			);
			dependencies = (
			);
			name = FYDataStructureDemo;
			productName = FYDataStructureDemo;
			productReference = 84C033532378FFCA004E400E /* FYDataStructureDemo.app */;
			productType = "com.apple.product-type.application";
		};
		84C033682378FFCC004E400E /* FYDataStructureDemoTests */ = {
			isa = PBXNativeTarget;
			buildConfigurationList = 84C033802378FFCC004E400E /* Build configuration list for PBXNativeTarget "FYDataStructureDemoTests" */;
			buildPhases = (
				84C033652378FFCC004E400E /* Sources */,
				84C033662378FFCC004E400E /* Frameworks */,
				84C033672378FFCC004E400E /* Resources */,
			);
			buildRules = (
			);
			dependencies = (
				84C0336B2378FFCC004E400E /* PBXTargetDependency */,
			);
			name = FYDataStructureDemoTests;
			productName = FYDataStructureDemoTests;
			productReference = 84C033692378FFCC004E400E /* FYDataStructureDemoTests.xctest */;
			productType = "com.apple.product-type.bundle.unit-test";
		};
		84C033732378FFCC004E400E /* FYDataStructureDemoUITests */ = {
			isa = PBXNativeTarget;
			buildConfigurationList = 84C033832378FFCC004E400E /* Build configuration list for PBXNativeTarget "FYDataStructureDemoUITests" */;
			buildPhases = (
				84C033702378FFCC004E400E /* Sources */,
				84C033712378FFCC004E400E /* Frameworks */,
				84C033722378FFCC004E400E /* Resources */,
			);
			buildRules = (
			);
			dependencies = (
				84C033762378FFCC004E400E /* PBXTargetDependency */,
			);
			name = FYDataStructureDemoUITests;
			productName = FYDataStructureDemoUITests;
			productReference = 84C033742378FFCC004E400E /* FYDataStructureDemoUITests.xctest */;
			productType = "com.apple.product-type.bundle.ui-testing";
		};
/* End PBXNativeTarget section */

/* Begin PBXProject section */
		84C0334B2378FFCA004E400E /* Project object */ = {
			isa = PBXProject;
			attributes = {
				LastSwiftUpdateCheck = 1110;
				LastUpgradeCheck = 1110;
				ORGANIZATIONNAME = fengyangcao;
				TargetAttributes = {
					84C033522378FFCA004E400E = {
						CreatedOnToolsVersion = 11.1;
						LastSwiftMigration = 1110;
					};
					84C033682378FFCC004E400E = {
						CreatedOnToolsVersion = 11.1;
						TestTargetID = 84C033522378FFCA004E400E;
					};
					84C033732378FFCC004E400E = {
						CreatedOnToolsVersion = 11.1;
						TestTargetID = 84C033522378FFCA004E400E;
					};
				};
			};
			buildConfigurationList = 84C0334E2378FFCA004E400E /* Build configuration list for PBXProject "FYDataStructureDemo" */;
			compatibilityVersion = "Xcode 9.3";
			developmentRegion = en;
			hasScannedForEncodings = 0;
			knownRegions = (
				en,
				Base,
			);
			mainGroup = 84C0334A2378FFCA004E400E;
			productRefGroup = 84C033542378FFCA004E400E /* Products */;
			projectDirPath = "";
			projectRoot = "";
			targets = (
				84C033522378FFCA004E400E /* FYDataStructureDemo */,
				84C033682378FFCC004E400E /* FYDataStructureDemoTests */,
				84C033732378FFCC004E400E /* FYDataStructureDemoUITests */,
			);
		};
/* End PBXProject section */

/* Begin PBXResourcesBuildPhase section */
		84C033512378FFCA004E400E /* Resources */ = {
			isa = PBXResourcesBuildPhase;
			buildActionMask = 2147483647;
			files = (
				84C033632378FFCC004E400E /* LaunchScreen.storyboard in Resources */,
				84C033602378FFCC004E400E /* Assets.xcassets in Resources */,
				84C0335E2378FFCA004E400E /* Main.storyboard in Resources */,
			);
			runOnlyForDeploymentPostprocessing = 0;
		};
		84C033672378FFCC004E400E /* Resources */ = {
			isa = PBXResourcesBuildPhase;
			buildActionMask = 2147483647;
			files = (
			);
			runOnlyForDeploymentPostprocessing = 0;
		};
		84C033722378FFCC004E400E /* Resources */ = {
			isa = PBXResourcesBuildPhase;
			buildActionMask = 2147483647;
			files = (
			);
			runOnlyForDeploymentPostprocessing = 0;
		};
/* End PBXResourcesBuildPhase section */

/* Begin PBXSourcesBuildPhase section */
		84C0334F2378FFCA004E400E /* Sources */ = {
			isa = PBXSourcesBuildPhase;
			buildActionMask = 2147483647;
			files = (
				84C0335B2378FFCA004E400E /* ViewController.swift in Sources */,
				84050FE123A71F05009A5A72 /* SearchAlogrithm.swift in Sources */,
				84C033872379009A004E400E /* FYDataStructure.swift in Sources */,
				84C033572378FFCA004E400E /* AppDelegate.swift in Sources */,
				84050FDF23A71EC9009A5A72 /* SortAlogrithm.swift in Sources */,
				841A9A7D237E58B100BEFB22 /* FYADTStructure.c in Sources */,
				84C033592378FFCA004E400E /* SceneDelegate.swift in Sources */,
			);
			runOnlyForDeploymentPostprocessing = 0;
		};
		84C033652378FFCC004E400E /* Sources */ = {
			isa = PBXSourcesBuildPhase;
			buildActionMask = 2147483647;
			files = (
				84C0336E2378FFCC004E400E /* FYDataStructureDemoTests.swift in Sources */,
			);
			runOnlyForDeploymentPostprocessing = 0;
		};
		84C033702378FFCC004E400E /* Sources */ = {
			isa = PBXSourcesBuildPhase;
			buildActionMask = 2147483647;
			files = (
				84C033792378FFCC004E400E /* FYDataStructureDemoUITests.swift in Sources */,
			);
			runOnlyForDeploymentPostprocessing = 0;
		};
/* End PBXSourcesBuildPhase section */

/* Begin PBXTargetDependency section */
		84C0336B2378FFCC004E400E /* PBXTargetDependency */ = {
			isa = PBXTargetDependency;
			target = 84C033522378FFCA004E400E /* FYDataStructureDemo */;
			targetProxy = 84C0336A2378FFCC004E400E /* PBXContainerItemProxy */;
		};
		84C033762378FFCC004E400E /* PBXTargetDependency */ = {
			isa = PBXTargetDependency;
			target = 84C033522378FFCA004E400E /* FYDataStructureDemo */;
			targetProxy = 84C033752378FFCC004E400E /* PBXContainerItemProxy */;
		};
/* End PBXTargetDependency section */

/* Begin PBXVariantGroup section */
		84C0335C2378FFCA004E400E /* Main.storyboard */ = {
			isa = PBXVariantGroup;
			children = (
				84C0335D2378FFCA004E400E /* Base */,
			);
			name = Main.storyboard;
			sourceTree = "<group>";
		};
		84C033612378FFCC004E400E /* LaunchScreen.storyboard */ = {
			isa = PBXVariantGroup;
			children = (
				84C033622378FFCC004E400E /* Base */,
			);
			name = LaunchScreen.storyboard;
			sourceTree = "<group>";
		};
/* End PBXVariantGroup section */

/* Begin XCBuildConfiguration section */
		84C0337B2378FFCC004E400E /* Debug */ = {
			isa = XCBuildConfiguration;
			buildSettings = {
				ALWAYS_SEARCH_USER_PATHS = NO;
				CLANG_ANALYZER_NONNULL = YES;
				CLANG_ANALYZER_NUMBER_OBJECT_CONVERSION = YES_AGGRESSIVE;
				CLANG_CXX_LANGUAGE_STANDARD = "gnu++14";
				CLANG_CXX_LIBRARY = "libc++";
				CLANG_ENABLE_MODULES = YES;
				CLANG_ENABLE_OBJC_ARC = YES;
				CLANG_ENABLE_OBJC_WEAK = YES;
				CLANG_WARN_BLOCK_CAPTURE_AUTORELEASING = YES;
				CLANG_WARN_BOOL_CONVERSION = YES;
				CLANG_WARN_COMMA = YES;
				CLANG_WARN_CONSTANT_CONVERSION = YES;
				CLANG_WARN_DEPRECATED_OBJC_IMPLEMENTATIONS = YES;
				CLANG_WARN_DIRECT_OBJC_ISA_USAGE = YES_ERROR;
				CLANG_WARN_DOCUMENTATION_COMMENTS = YES;
				CLANG_WARN_EMPTY_BODY = YES;
				CLANG_WARN_ENUM_CONVERSION = YES;
				CLANG_WARN_INFINITE_RECURSION = YES;
				CLANG_WARN_INT_CONVERSION = YES;
				CLANG_WARN_NON_LITERAL_NULL_CONVERSION = YES;
				CLANG_WARN_OBJC_IMPLICIT_RETAIN_SELF = YES;
				CLANG_WARN_OBJC_LITERAL_CONVERSION = YES;
				CLANG_WARN_OBJC_ROOT_CLASS = YES_ERROR;
				CLANG_WARN_RANGE_LOOP_ANALYSIS = YES;
				CLANG_WARN_STRICT_PROTOTYPES = YES;
				CLANG_WARN_SUSPICIOUS_MOVE = YES;
				CLANG_WARN_UNGUARDED_AVAILABILITY = YES_AGGRESSIVE;
				CLANG_WARN_UNREACHABLE_CODE = YES;
				CLANG_WARN__DUPLICATE_METHOD_MATCH = YES;
				COPY_PHASE_STRIP = NO;
				DEBUG_INFORMATION_FORMAT = dwarf;
				ENABLE_STRICT_OBJC_MSGSEND = YES;
				ENABLE_TESTABILITY = YES;
				GCC_C_LANGUAGE_STANDARD = gnu11;
				GCC_DYNAMIC_NO_PIC = NO;
				GCC_NO_COMMON_BLOCKS = YES;
				GCC_OPTIMIZATION_LEVEL = 0;
				GCC_PREPROCESSOR_DEFINITIONS = (
					"DEBUG=1",
					"$(inherited)",
				);
				GCC_WARN_64_TO_32_BIT_CONVERSION = YES;
				GCC_WARN_ABOUT_RETURN_TYPE = YES_ERROR;
				GCC_WARN_UNDECLARED_SELECTOR = YES;
				GCC_WARN_UNINITIALIZED_AUTOS = YES_AGGRESSIVE;
				GCC_WARN_UNUSED_FUNCTION = YES;
				GCC_WARN_UNUSED_VARIABLE = YES;
				IPHONEOS_DEPLOYMENT_TARGET = 13.1;
				MTL_ENABLE_DEBUG_INFO = INCLUDE_SOURCE;
				MTL_FAST_MATH = YES;
				ONLY_ACTIVE_ARCH = YES;
				SDKROOT = iphoneos;
				SWIFT_ACTIVE_COMPILATION_CONDITIONS = DEBUG;
				SWIFT_OPTIMIZATION_LEVEL = "-Onone";
			};
			name = Debug;
		};
		84C0337C2378FFCC004E400E /* Release */ = {
			isa = XCBuildConfiguration;
			buildSettings = {
				ALWAYS_SEARCH_USER_PATHS = NO;
				CLANG_ANALYZER_NONNULL = YES;
				CLANG_ANALYZER_NUMBER_OBJECT_CONVERSION = YES_AGGRESSIVE;
				CLANG_CXX_LANGUAGE_STANDARD = "gnu++14";
				CLANG_CXX_LIBRARY = "libc++";
				CLANG_ENABLE_MODULES = YES;
				CLANG_ENABLE_OBJC_ARC = YES;
				CLANG_ENABLE_OBJC_WEAK = YES;
				CLANG_WARN_BLOCK_CAPTURE_AUTORELEASING = YES;
				CLANG_WARN_BOOL_CONVERSION = YES;
				CLANG_WARN_COMMA = YES;
				CLANG_WARN_CONSTANT_CONVERSION = YES;
				CLANG_WARN_DEPRECATED_OBJC_IMPLEMENTATIONS = YES;
				CLANG_WARN_DIRECT_OBJC_ISA_USAGE = YES_ERROR;
				CLANG_WARN_DOCUMENTATION_COMMENTS = YES;
				CLANG_WARN_EMPTY_BODY = YES;
				CLANG_WARN_ENUM_CONVERSION = YES;
				CLANG_WARN_INFINITE_RECURSION = YES;
				CLANG_WARN_INT_CONVERSION = YES;
				CLANG_WARN_NON_LITERAL_NULL_CONVERSION = YES;
				CLANG_WARN_OBJC_IMPLICIT_RETAIN_SELF = YES;
				CLANG_WARN_OBJC_LITERAL_CONVERSION = YES;
				CLANG_WARN_OBJC_ROOT_CLASS = YES_ERROR;
				CLANG_WARN_RANGE_LOOP_ANALYSIS = YES;
				CLANG_WARN_STRICT_PROTOTYPES = YES;
				CLANG_WARN_SUSPICIOUS_MOVE = YES;
				CLANG_WARN_UNGUARDED_AVAILABILITY = YES_AGGRESSIVE;
				CLANG_WARN_UNREACHABLE_CODE = YES;
				CLANG_WARN__DUPLICATE_METHOD_MATCH = YES;
				COPY_PHASE_STRIP = NO;
				DEBUG_INFORMATION_FORMAT = "dwarf-with-dsym";
				ENABLE_NS_ASSERTIONS = NO;
				ENABLE_STRICT_OBJC_MSGSEND = YES;
				GCC_C_LANGUAGE_STANDARD = gnu11;
				GCC_NO_COMMON_BLOCKS = YES;
				GCC_WARN_64_TO_32_BIT_CONVERSION = YES;
				GCC_WARN_ABOUT_RETURN_TYPE = YES_ERROR;
				GCC_WARN_UNDECLARED_SELECTOR = YES;
				GCC_WARN_UNINITIALIZED_AUTOS = YES_AGGRESSIVE;
				GCC_WARN_UNUSED_FUNCTION = YES;
				GCC_WARN_UNUSED_VARIABLE = YES;
				IPHONEOS_DEPLOYMENT_TARGET = 13.1;
				MTL_ENABLE_DEBUG_INFO = NO;
				MTL_FAST_MATH = YES;
				SDKROOT = iphoneos;
				SWIFT_COMPILATION_MODE = wholemodule;
				SWIFT_OPTIMIZATION_LEVEL = "-O";
				VALIDATE_PRODUCT = YES;
			};
			name = Release;
		};
		84C0337E2378FFCC004E400E /* Debug */ = {
			isa = XCBuildConfiguration;
			buildSettings = {
				ASSETCATALOG_COMPILER_APPICON_NAME = AppIcon;
				CLANG_ENABLE_MODULES = YES;
				CODE_SIGN_STYLE = Automatic;
				INFOPLIST_FILE = FYDataStructureDemo/Info.plist;
				LD_RUNPATH_SEARCH_PATHS = (
					"$(inherited)",
					"@executable_path/Frameworks",
				);
				PRODUCT_BUNDLE_IDENTIFIER = com.mrc.FYDataStructureDemo;
				PRODUCT_NAME = "$(TARGET_NAME)";
				SWIFT_OBJC_BRIDGING_HEADER = "FYDataStructureDemo/FYDataStructureDemo-Bridging-Header.h";
				SWIFT_OPTIMIZATION_LEVEL = "-Onone";
				SWIFT_VERSION = 5.0;
				TARGETED_DEVICE_FAMILY = "1,2";
			};
			name = Debug;
		};
		84C0337F2378FFCC004E400E /* Release */ = {
			isa = XCBuildConfiguration;
			buildSettings = {
				ASSETCATALOG_COMPILER_APPICON_NAME = AppIcon;
				CLANG_ENABLE_MODULES = YES;
				CODE_SIGN_STYLE = Automatic;
				INFOPLIST_FILE = FYDataStructureDemo/Info.plist;
				LD_RUNPATH_SEARCH_PATHS = (
					"$(inherited)",
					"@executable_path/Frameworks",
				);
				PRODUCT_BUNDLE_IDENTIFIER = com.mrc.FYDataStructureDemo;
				PRODUCT_NAME = "$(TARGET_NAME)";
				SWIFT_OBJC_BRIDGING_HEADER = "FYDataStructureDemo/FYDataStructureDemo-Bridging-Header.h";
				SWIFT_VERSION = 5.0;
				TARGETED_DEVICE_FAMILY = "1,2";
			};
			name = Release;
		};
		84C033812378FFCC004E400E /* Debug */ = {
			isa = XCBuildConfiguration;
			buildSettings = {
				ALWAYS_EMBED_SWIFT_STANDARD_LIBRARIES = YES;
				BUNDLE_LOADER = "$(TEST_HOST)";
				CODE_SIGN_STYLE = Automatic;
				INFOPLIST_FILE = FYDataStructureDemoTests/Info.plist;
				IPHONEOS_DEPLOYMENT_TARGET = 13.1;
				LD_RUNPATH_SEARCH_PATHS = (
					"$(inherited)",
					"@executable_path/Frameworks",
					"@loader_path/Frameworks",
				);
				PRODUCT_BUNDLE_IDENTIFIER = com.mrc.FYDataStructureDemoTests;
				PRODUCT_NAME = "$(TARGET_NAME)";
				SWIFT_VERSION = 5.0;
				TARGETED_DEVICE_FAMILY = "1,2";
				TEST_HOST = "$(BUILT_PRODUCTS_DIR)/FYDataStructureDemo.app/FYDataStructureDemo";
			};
			name = Debug;
		};
		84C033822378FFCC004E400E /* Release */ = {
			isa = XCBuildConfiguration;
			buildSettings = {
				ALWAYS_EMBED_SWIFT_STANDARD_LIBRARIES = YES;
				BUNDLE_LOADER = "$(TEST_HOST)";
				CODE_SIGN_STYLE = Automatic;
				INFOPLIST_FILE = FYDataStructureDemoTests/Info.plist;
				IPHONEOS_DEPLOYMENT_TARGET = 13.1;
				LD_RUNPATH_SEARCH_PATHS = (
					"$(inherited)",
					"@executable_path/Frameworks",
					"@loader_path/Frameworks",
				);
				PRODUCT_BUNDLE_IDENTIFIER = com.mrc.FYDataStructureDemoTests;
				PRODUCT_NAME = "$(TARGET_NAME)";
				SWIFT_VERSION = 5.0;
				TARGETED_DEVICE_FAMILY = "1,2";
				TEST_HOST = "$(BUILT_PRODUCTS_DIR)/FYDataStructureDemo.app/FYDataStructureDemo";
			};
			name = Release;
		};
		84C033842378FFCC004E400E /* Debug */ = {
			isa = XCBuildConfiguration;
			buildSettings = {
				ALWAYS_EMBED_SWIFT_STANDARD_LIBRARIES = YES;
				CODE_SIGN_STYLE = Automatic;
				INFOPLIST_FILE = FYDataStructureDemoUITests/Info.plist;
				LD_RUNPATH_SEARCH_PATHS = (
					"$(inherited)",
					"@executable_path/Frameworks",
					"@loader_path/Frameworks",
				);
				PRODUCT_BUNDLE_IDENTIFIER = com.mrc.FYDataStructureDemoUITests;
				PRODUCT_NAME = "$(TARGET_NAME)";
				SWIFT_VERSION = 5.0;
				TARGETED_DEVICE_FAMILY = "1,2";
				TEST_TARGET_NAME = FYDataStructureDemo;
			};
			name = Debug;
		};
		84C033852378FFCC004E400E /* Release */ = {
			isa = XCBuildConfiguration;
			buildSettings = {
				ALWAYS_EMBED_SWIFT_STANDARD_LIBRARIES = YES;
				CODE_SIGN_STYLE = Automatic;
				INFOPLIST_FILE = FYDataStructureDemoUITests/Info.plist;
				LD_RUNPATH_SEARCH_PATHS = (
					"$(inherited)",
					"@executable_path/Frameworks",
					"@loader_path/Frameworks",
				);
				PRODUCT_BUNDLE_IDENTIFIER = com.mrc.FYDataStructureDemoUITests;
				PRODUCT_NAME = "$(TARGET_NAME)";
				SWIFT_VERSION = 5.0;
				TARGETED_DEVICE_FAMILY = "1,2";
				TEST_TARGET_NAME = FYDataStructureDemo;
			};
			name = Release;
		};
/* End XCBuildConfiguration section */

/* Begin XCConfigurationList section */
		84C0334E2378FFCA004E400E /* Build configuration list for PBXProject "FYDataStructureDemo" */ = {
			isa = XCConfigurationList;
			buildConfigurations = (
				84C0337B2378FFCC004E400E /* Debug */,
				84C0337C2378FFCC004E400E /* Release */,
			);
			defaultConfigurationIsVisible = 0;
			defaultConfigurationName = Release;
		};
		84C0337D2378FFCC004E400E /* Build configuration list for PBXNativeTarget "FYDataStructureDemo" */ = {
			isa = XCConfigurationList;
			buildConfigurations = (
				84C0337E2378FFCC004E400E /* Debug */,
				84C0337F2378FFCC004E400E /* Release */,
			);
			defaultConfigurationIsVisible = 0;
			defaultConfigurationName = Release;
		};
		84C033802378FFCC004E400E /* Build configuration list for PBXNativeTarget "FYDataStructureDemoTests" */ = {
			isa = XCConfigurationList;
			buildConfigurations = (
				84C033812378FFCC004E400E /* Debug */,
				84C033822378FFCC004E400E /* Release */,
			);
			defaultConfigurationIsVisible = 0;
			defaultConfigurationName = Release;
		};
		84C033832378FFCC004E400E /* Build configuration list for PBXNativeTarget "FYDataStructureDemoUITests" */ = {
			isa = XCConfigurationList;
			buildConfigurations = (
				84C033842378FFCC004E400E /* Debug */,
				84C033852378FFCC004E400E /* Release */,
			);
			defaultConfigurationIsVisible = 0;
			defaultConfigurationName = Release;
		};
/* End XCConfigurationList section */
	};
	rootObject = 84C0334B2378FFCA004E400E /* Project object */;
}
